
Microsoft Visual Studio Solution File, Format Version 12.00
# Visual Studio Version 17
VisualStudioVersion = 17.5.33516.290
MinimumVisualStudioVersion = 10.0.40219.1
Project("{FAE04EC0-301F-11D3-BF4B-00C04F79EFBC}") = "WSCRUD", "WSCRUD\WSCRUD.csproj", "{5395103C-F76A-4781-A315-22E85578DB1E}"
EndProject
Global
	GlobalSection(SolutionConfigurationPlatforms) = preSolution
		Debug|Any CPU = Debug|Any CPU
		Release|Any CPU = Release|Any CPU
	EndGlobalSection
	GlobalSection(ProjectConfigurationPlatforms) = postSolution
		{5395103C-F76A-4781-A315-22E85578DB1E}.Debug|Any CPU.ActiveCfg = Debug|Any CPU
		{5395103C-F76A-4781-A315-22E85578DB1E}.Debug|Any CPU.Build.0 = Debug|Any CPU
		{5395103C-F76A-4781-A315-22E85578DB1E}.Release|Any CPU.ActiveCfg = Release|Any CPU
		{5395103C-F76A-4781-A315-22E85578DB1E}.Release|Any CPU.Build.0 = Release|Any CPU
	EndGlobalSection
	GlobalSection(SolutionProperties) = preSolution
		HideSolutionNode = FALSE
	EndGlobalSection
	GlobalSection(ExtensibilityGlobals) = postSolution
		SolutionGuid = {141CAE8E-D023-48BB-836C-73DAB257477A}
	EndGlobalSection
EndGlobal
